# This file is automatically @generated by Poetry 2.1.4 and should not be changed by hand.

[[package]]
name = "flake8"
version = "7.3.0"
description = "the modular source code checker: pep8 pyflakes and co"
optional = false
python-versions = ">=3.9"
groups = ["main"]
files = [
    {file = "flake8-7.3.0-py2.py3-none-any.whl", hash = "sha256:b9696257b9ce8beb888cdbe31cf885c90d31928fe202be0889a7cdafad32f01e"},
    {file = "flake8-7.3.0.tar.gz", hash = "sha256:fe044858146b9fc69b551a4b490d69cf960fcb78ad1edcb84e7fbb1b4a8e3872"},
]

[package.dependencies]
mccabe = ">=0.7.0,<0.8.0"
pycodestyle = ">=2.14.0,<2.15.0"
pyflakes = ">=3.4.0,<3.5.0"

[[package]]
name = "mccabe"
version = "0.7.0"
description = "McCabe checker, plugin for flake8"
optional = false
python-versions = ">=3.6"
groups = ["main"]
files = [
    {file = "mccabe-0.7.0-py2.py3-none-any.whl", hash = "sha256:6c2d30ab6be0e4a46919781807b4f0d834ebdd6c6e3dca0bda5a15f863427b6e"},
    {file = "mccabe-0.7.0.tar.gz", hash = "sha256:348e0240c33b60bbdf4e523192ef919f28cb2c3d7d5c7794f74009290f236325"},
]

[[package]]
name = "pycodestyle"
version = "2.14.0"
description = "Python style guide checker"
optional = false
python-versions = ">=3.9"
groups = ["main"]
files = [
    {file = "pycodestyle-2.14.0-py2.py3-none-any.whl", hash = "sha256:dd6bf7cb4ee77f8e016f9c8e74a35ddd9f67e1d5fd4184d86c3b98e07099f42d"},
    {file = "pycodestyle-2.14.0.tar.gz", hash = "sha256:c4b5b517d278089ff9d0abdec919cd97262a3367449ea1c8b49b91529167b783"},
]

[[package]]
name = "pyflakes"
version = "3.4.0"
description = "passive checker of Python programs"
optional = false
python-versions = ">=3.9"
groups = ["main"]
files = [
    {file = "pyflakes-3.4.0-py2.py3-none-any.whl", hash = "sha256:f742a7dbd0d9cb9ea41e9a24a918996e8170c799fa528688d40dd582c8265f4f"},
    {file = "pyflakes-3.4.0.tar.gz", hash = "sha256:b24f96fafb7d2ab0ec5075b7350b3d2d2218eab42003821c06344973d3ea2f58"},
]

[[package]]
name = "pyside6"
version = "6.9.2"
description = "Python bindings for the Qt cross-platform application and UI framework"
optional = false
python-versions = "<3.14,>=3.9"
groups = ["main"]
files = [
    {file = "pyside6-6.9.2-cp39-abi3-macosx_12_0_universal2.whl", hash = "sha256:71245c76bfbe5c41794ffd8546730ec7cc869d4bbe68535639e026e4ef8a7714"},
    {file = "pyside6-6.9.2-cp39-abi3-manylinux_2_28_x86_64.whl", hash = "sha256:64a9e2146e207d858e00226f68d7c1b4ab332954742a00dcabb721bb9e4aa0cd"},
    {file = "pyside6-6.9.2-cp39-abi3-manylinux_2_39_aarch64.whl", hash = "sha256:a78fad16241a1f2ed0fa0098cf3d621f591fc75b4badb7f3fa3959c9d861c806"},
    {file = "pyside6-6.9.2-cp39-abi3-win_amd64.whl", hash = "sha256:d1afbf48f9a5612b9ee2dc7c384c1a65c08b5830ba5e7d01f66d82678e5459df"},
    {file = "pyside6-6.9.2-cp39-abi3-win_arm64.whl", hash = "sha256:1499b1d7629ab92119118e2636b4ace836b25e457ddf01003fdca560560b8c0a"},
]

[package.dependencies]
PySide6_Addons = "6.9.2"
PySide6_Essentials = "6.9.2"
shiboken6 = "6.9.2"

[[package]]
name = "pyside6-addons"
version = "6.9.2"
description = "Python bindings for the Qt cross-platform application and UI framework (Addons)"
optional = false
python-versions = "<3.14,>=3.9"
groups = ["main"]
files = [
    {file = "pyside6_addons-6.9.2-cp39-abi3-macosx_12_0_universal2.whl", hash = "sha256:7019fdcc0059626eb1608b361371f4dc8cb7f2d02f066908fd460739ff5a07cd"},
    {file = "pyside6_addons-6.9.2-cp39-abi3-manylinux_2_28_x86_64.whl", hash = "sha256:24350e5415317f269e743d1f7b4933fe5f59d90894aa067676c9ce6bfe9e7988"},
    {file = "pyside6_addons-6.9.2-cp39-abi3-manylinux_2_39_aarch64.whl", hash = "sha256:af8dee517de8d336735a6543f7dd496eb580e852c14b4d2304b890e2a29de499"},
    {file = "pyside6_addons-6.9.2-cp39-abi3-win_amd64.whl", hash = "sha256:98d2413904ee4b2b754b077af7875fa6ec08468c01a6628a2c9c3d2cece4874f"},
    {file = "pyside6_addons-6.9.2-cp39-abi3-win_arm64.whl", hash = "sha256:b430cae782ff1a99fb95868043557f22c31b30c94afb9cf73278584e220a2ab6"},
]

[package.dependencies]
PySide6_Essentials = "6.9.2"
shiboken6 = "6.9.2"

[[package]]
name = "pyside6-essentials"
version = "6.9.2"
description = "Python bindings for the Qt cross-platform application and UI framework (Essentials)"
optional = false
python-versions = "<3.14,>=3.9"
groups = ["main"]
files = [
    {file = "pyside6_essentials-6.9.2-cp39-abi3-macosx_12_0_universal2.whl", hash = "sha256:713eb8dcbb016ff10e6fca129c1bf2a0fd8cfac979e689264e0be3b332f9398e"},
    {file = "pyside6_essentials-6.9.2-cp39-abi3-manylinux_2_28_x86_64.whl", hash = "sha256:84b8ca4fa56506e2848bdb4c7a0851a5e7adcb916bef9bce25ce2eeb6c7002cc"},
    {file = "pyside6_essentials-6.9.2-cp39-abi3-manylinux_2_39_aarch64.whl", hash = "sha256:d0f701503974bd51b408966539aa6956f3d8536e547ea8002fbfb3d77796bbc3"},
    {file = "pyside6_essentials-6.9.2-cp39-abi3-win_amd64.whl", hash = "sha256:b2f746f795138ac63eb173f9850a6db293461a1b6ce22cf6dafac7d194a38951"},
    {file = "pyside6_essentials-6.9.2-cp39-abi3-win_arm64.whl", hash = "sha256:ecd7b5cd9e271f397fb89a6357f4ec301d8163e50869c6c557f9ccc6bed42789"},
]

[package.dependencies]
shiboken6 = "6.9.2"

[[package]]
name = "pywin32"
version = "311"
description = "Python for Window Extensions"
optional = false
python-versions = "*"
groups = ["main"]
files = [
    {file = "pywin32-311-cp310-cp310-win32.whl", hash = "sha256:d03ff496d2a0cd4a5893504789d4a15399133fe82517455e78bad62efbb7f0a3"},
    {file = "pywin32-311-cp310-cp310-win_amd64.whl", hash = "sha256:797c2772017851984b97180b0bebe4b620bb86328e8a884bb626156295a63b3b"},
    {file = "pywin32-311-cp310-cp310-win_arm64.whl", hash = "sha256:0502d1facf1fed4839a9a51ccbcc63d952cf318f78ffc00a7e78528ac27d7a2b"},
    {file = "pywin32-311-cp311-cp311-win32.whl", hash = "sha256:184eb5e436dea364dcd3d2316d577d625c0351bf237c4e9a5fabbcfa5a58b151"},
    {file = "pywin32-311-cp311-cp311-win_amd64.whl", hash = "sha256:3ce80b34b22b17ccbd937a6e78e7225d80c52f5ab9940fe0506a1a16f3dab503"},
    {file = "pywin32-311-cp311-cp311-win_arm64.whl", hash = "sha256:a733f1388e1a842abb67ffa8e7aad0e70ac519e09b0f6a784e65a136ec7cefd2"},
    {file = "pywin32-311-cp312-cp312-win32.whl", hash = "sha256:750ec6e621af2b948540032557b10a2d43b0cee2ae9758c54154d711cc852d31"},
    {file = "pywin32-311-cp312-cp312-win_amd64.whl", hash = "sha256:b8c095edad5c211ff31c05223658e71bf7116daa0ecf3ad85f3201ea3190d067"},
    {file = "pywin32-311-cp312-cp312-win_arm64.whl", hash = "sha256:e286f46a9a39c4a18b319c28f59b61de793654af2f395c102b4f819e584b5852"},
    {file = "pywin32-311-cp313-cp313-win32.whl", hash = "sha256:f95ba5a847cba10dd8c4d8fefa9f2a6cf283b8b88ed6178fa8a6c1ab16054d0d"},
    {file = "pywin32-311-cp313-cp313-win_amd64.whl", hash = "sha256:718a38f7e5b058e76aee1c56ddd06908116d35147e133427e59a3983f703a20d"},
    {file = "pywin32-311-cp313-cp313-win_arm64.whl", hash = "sha256:7b4075d959648406202d92a2310cb990fea19b535c7f4a78d3f5e10b926eeb8a"},
    {file = "pywin32-311-cp314-cp314-win32.whl", hash = "sha256:b7a2c10b93f8986666d0c803ee19b5990885872a7de910fc460f9b0c2fbf92ee"},
    {file = "pywin32-311-cp314-cp314-win_amd64.whl", hash = "sha256:3aca44c046bd2ed8c90de9cb8427f581c479e594e99b5c0bb19b29c10fd6cb87"},
    {file = "pywin32-311-cp314-cp314-win_arm64.whl", hash = "sha256:a508e2d9025764a8270f93111a970e1d0fbfc33f4153b388bb649b7eec4f9b42"},
    {file = "pywin32-311-cp38-cp38-win32.whl", hash = "sha256:6c6f2969607b5023b0d9ce2541f8d2cbb01c4f46bc87456017cf63b73f1e2d8c"},
    {file = "pywin32-311-cp38-cp38-win_amd64.whl", hash = "sha256:c8015b09fb9a5e188f83b7b04de91ddca4658cee2ae6f3bc483f0b21a77ef6cd"},
    {file = "pywin32-311-cp39-cp39-win32.whl", hash = "sha256:aba8f82d551a942cb20d4a83413ccbac30790b50efb89a75e4f586ac0bb8056b"},
    {file = "pywin32-311-cp39-cp39-win_amd64.whl", hash = "sha256:e0c4cfb0621281fe40387df582097fd796e80430597cb9944f0ae70447bacd91"},
    {file = "pywin32-311-cp39-cp39-win_arm64.whl", hash = "sha256:62ea666235135fee79bb154e695f3ff67370afefd71bd7fea7512fc70ef31e3d"},
]

[[package]]
name = "shiboken6"
version = "6.9.2"
description = "Python/C++ bindings helper module"
optional = false
python-versions = "<3.14,>=3.9"
groups = ["main"]
files = [
    {file = "shiboken6-6.9.2-cp39-abi3-macosx_12_0_universal2.whl", hash = "sha256:8bb1c4326330e53adeac98bfd9dcf57f5173a50318a180938dcc4825d9ca38da"},
    {file = "shiboken6-6.9.2-cp39-abi3-manylinux_2_28_x86_64.whl", hash = "sha256:3b54c0a12ea1b03b9dc5dcfb603c366e957dc75341bf7cb1cc436d0d848308ee"},
    {file = "shiboken6-6.9.2-cp39-abi3-manylinux_2_39_aarch64.whl", hash = "sha256:a5f5985938f5acb604c23536a0ff2efb3cccb77d23da91fbaff8fd8ded3dceb4"},
    {file = "shiboken6-6.9.2-cp39-abi3-win_amd64.whl", hash = "sha256:68c33d565cd4732be762d19ff67dfc53763256bac413d392aa8598b524980bc4"},
    {file = "shiboken6-6.9.2-cp39-abi3-win_arm64.whl", hash = "sha256:c5b827797b3d89d9b9a3753371ff533fcd4afc4531ca51a7c696952132098054"},
]

[metadata]
lock-version = "2.1"
python-versions = ">=3.13,<3.14"
content-hash = "03f2e546768c93536464741483dee20356b7844a35b655dcb0085671c41438cd"
