# This file is automatically @generated by Poetry 2.1.4 and should not be changed by hand.

[[package]]
name = "et-xmlfile"
version = "2.0.0"
description = "An implementation of lxml.xmlfile for the standard library"
optional = false
python-versions = ">=3.8"
groups = ["main"]
files = [
    {file = "et_xmlfile-2.0.0-py3-none-any.whl", hash = "sha256:7a91720bc756843502c3b7504c77b8fe44217c85c537d85037f0f536151b2caa"},
    {file = "et_xmlfile-2.0.0.tar.gz", hash = "sha256:dab3f4764309081ce75662649be815c4c9081e88f0837825f90fd28317d4da54"},
]

[[package]]
name = "flake8"
version = "7.3.0"
description = "the modular source code checker: pep8 pyflakes and co"
optional = false
python-versions = ">=3.9"
groups = ["main"]
files = [
    {file = "flake8-7.3.0-py2.py3-none-any.whl", hash = "sha256:b9696257b9ce8beb888cdbe31cf885c90d31928fe202be0889a7cdafad32f01e"},
    {file = "flake8-7.3.0.tar.gz", hash = "sha256:fe044858146b9fc69b551a4b490d69cf960fcb78ad1edcb84e7fbb1b4a8e3872"},
]

[package.dependencies]
mccabe = ">=0.7.0,<0.8.0"
pycodestyle = ">=2.14.0,<2.15.0"
pyflakes = ">=3.4.0,<3.5.0"

[[package]]
name = "mccabe"
version = "0.7.0"
description = "McCabe checker, plugin for flake8"
optional = false
python-versions = ">=3.6"
groups = ["main"]
files = [
    {file = "mccabe-0.7.0-py2.py3-none-any.whl", hash = "sha256:6c2d30ab6be0e4a46919781807b4f0d834ebdd6c6e3dca0bda5a15f863427b6e"},
    {file = "mccabe-0.7.0.tar.gz", hash = "sha256:348e0240c33b60bbdf4e523192ef919f28cb2c3d7d5c7794f74009290f236325"},
]

[[package]]
name = "openpyxl"
version = "3.1.5"
description = "A Python library to read/write Excel 2010 xlsx/xlsm files"
optional = false
python-versions = ">=3.8"
groups = ["main"]
files = [
    {file = "openpyxl-3.1.5-py2.py3-none-any.whl", hash = "sha256:5282c12b107bffeef825f4617dc029afaf41d0ea60823bbb665ef3079dc79de2"},
    {file = "openpyxl-3.1.5.tar.gz", hash = "sha256:cf0e3cf56142039133628b5acffe8ef0c12bc902d2aadd3e0fe5878dc08d1050"},
]

[package.dependencies]
et-xmlfile = "*"

[[package]]
name = "pycodestyle"
version = "2.14.0"
description = "Python style guide checker"
optional = false
python-versions = ">=3.9"
groups = ["main"]
files = [
    {file = "pycodestyle-2.14.0-py2.py3-none-any.whl", hash = "sha256:dd6bf7cb4ee77f8e016f9c8e74a35ddd9f67e1d5fd4184d86c3b98e07099f42d"},
    {file = "pycodestyle-2.14.0.tar.gz", hash = "sha256:c4b5b517d278089ff9d0abdec919cd97262a3367449ea1c8b49b91529167b783"},
]

[[package]]
name = "pyflakes"
version = "3.4.0"
description = "passive checker of Python programs"
optional = false
python-versions = ">=3.9"
groups = ["main"]
files = [
    {file = "pyflakes-3.4.0-py2.py3-none-any.whl", hash = "sha256:f742a7dbd0d9cb9ea41e9a24a918996e8170c799fa528688d40dd582c8265f4f"},
    {file = "pyflakes-3.4.0.tar.gz", hash = "sha256:b24f96fafb7d2ab0ec5075b7350b3d2d2218eab42003821c06344973d3ea2f58"},
]

[[package]]
name = "pyside6"
version = "6.9.2"
description = "Python bindings for the Qt cross-platform application and UI framework"
optional = false
python-versions = "<3.14,>=3.9"
groups = ["main"]
files = [
    {file = "pyside6-6.9.2-cp39-abi3-macosx_12_0_universal2.whl", hash = "sha256:71245c76bfbe5c41794ffd8546730ec7cc869d4bbe68535639e026e4ef8a7714"},
    {file = "pyside6-6.9.2-cp39-abi3-manylinux_2_28_x86_64.whl", hash = "sha256:64a9e2146e207d858e00226f68d7c1b4ab332954742a00dcabb721bb9e4aa0cd"},
    {file = "pyside6-6.9.2-cp39-abi3-manylinux_2_39_aarch64.whl", hash = "sha256:a78fad16241a1f2ed0fa0098cf3d621f591fc75b4badb7f3fa3959c9d861c806"},
    {file = "pyside6-6.9.2-cp39-abi3-win_amd64.whl", hash = "sha256:d1afbf48f9a5612b9ee2dc7c384c1a65c08b5830ba5e7d01f66d82678e5459df"},
    {file = "pyside6-6.9.2-cp39-abi3-win_arm64.whl", hash = "sha256:1499b1d7629ab92119118e2636b4ace836b25e457ddf01003fdca560560b8c0a"},
]

[package.dependencies]
PySide6_Addons = "6.9.2"
PySide6_Essentials = "6.9.2"
shiboken6 = "6.9.2"

[[package]]
name = "pyside6-addons"
version = "6.9.2"
description = "Python bindings for the Qt cross-platform application and UI framework (Addons)"
optional = false
python-versions = "<3.14,>=3.9"
groups = ["main"]
files = [
    {file = "pyside6_addons-6.9.2-cp39-abi3-macosx_12_0_universal2.whl", hash = "sha256:7019fdcc0059626eb1608b361371f4dc8cb7f2d02f066908fd460739ff5a07cd"},
    {file = "pyside6_addons-6.9.2-cp39-abi3-manylinux_2_28_x86_64.whl", hash = "sha256:24350e5415317f269e743d1f7b4933fe5f59d90894aa067676c9ce6bfe9e7988"},
    {file = "pyside6_addons-6.9.2-cp39-abi3-manylinux_2_39_aarch64.whl", hash = "sha256:af8dee517de8d336735a6543f7dd496eb580e852c14b4d2304b890e2a29de499"},
    {file = "pyside6_addons-6.9.2-cp39-abi3-win_amd64.whl", hash = "sha256:98d2413904ee4b2b754b077af7875fa6ec08468c01a6628a2c9c3d2cece4874f"},
    {file = "pyside6_addons-6.9.2-cp39-abi3-win_arm64.whl", hash = "sha256:b430cae782ff1a99fb95868043557f22c31b30c94afb9cf73278584e220a2ab6"},
]

[package.dependencies]
PySide6_Essentials = "6.9.2"
shiboken6 = "6.9.2"

[[package]]
name = "pyside6-essentials"
version = "6.9.2"
description = "Python bindings for the Qt cross-platform application and UI framework (Essentials)"
optional = false
python-versions = "<3.14,>=3.9"
groups = ["main"]
files = [
    {file = "pyside6_essentials-6.9.2-cp39-abi3-macosx_12_0_universal2.whl", hash = "sha256:713eb8dcbb016ff10e6fca129c1bf2a0fd8cfac979e689264e0be3b332f9398e"},
    {file = "pyside6_essentials-6.9.2-cp39-abi3-manylinux_2_28_x86_64.whl", hash = "sha256:84b8ca4fa56506e2848bdb4c7a0851a5e7adcb916bef9bce25ce2eeb6c7002cc"},
    {file = "pyside6_essentials-6.9.2-cp39-abi3-manylinux_2_39_aarch64.whl", hash = "sha256:d0f701503974bd51b408966539aa6956f3d8536e547ea8002fbfb3d77796bbc3"},
    {file = "pyside6_essentials-6.9.2-cp39-abi3-win_amd64.whl", hash = "sha256:b2f746f795138ac63eb173f9850a6db293461a1b6ce22cf6dafac7d194a38951"},
    {file = "pyside6_essentials-6.9.2-cp39-abi3-win_arm64.whl", hash = "sha256:ecd7b5cd9e271f397fb89a6357f4ec301d8163e50869c6c557f9ccc6bed42789"},
]

[package.dependencies]
shiboken6 = "6.9.2"

[[package]]
name = "pywin32"
version = "311"
description = "Python for Window Extensions"
optional = false
python-versions = "*"
groups = ["main"]
files = [
    {file = "pywin32-311-cp310-cp310-win32.whl", hash = "sha256:d03ff496d2a0cd4a5893504789d4a15399133fe82517455e78bad62efbb7f0a3"},
    {file = "pywin32-311-cp310-cp310-win_amd64.whl", hash = "sha256:797c2772017851984b97180b0bebe4b620bb86328e8a884bb626156295a63b3b"},
    {file = "pywin32-311-cp310-cp310-win_arm64.whl", hash = "sha256:0502d1facf1fed4839a9a51ccbcc63d952cf318f78ffc00a7e78528ac27d7a2b"},
    {file = "pywin32-311-cp311-cp311-win32.whl", hash = "sha256:184eb5e436dea364dcd3d2316d577d625c0351bf237c4e9a5fabbcfa5a58b151"},
    {file = "pywin32-311-cp311-cp311-win_amd64.whl", hash = "sha256:3ce80b34b22b17ccbd937a6e78e7225d80c52f5ab9940fe0506a1a16f3dab503"},
    {file = "pywin32-311-cp311-cp311-win_arm64.whl", hash = "sha256:a733f1388e1a842abb67ffa8e7aad0e70ac519e09b0f6a784e65a136ec7cefd2"},
    {file = "pywin32-311-cp312-cp312-win32.whl", hash = "sha256:750ec6e621af2b948540032557b10a2d43b0cee2ae9758c54154d711cc852d31"},
    {file = "pywin32-311-cp312-cp312-win_amd64.whl", hash = "sha256:b8c095edad5c211ff31c05223658e71bf7116daa0ecf3ad85f3201ea3190d067"},
    {file = "pywin32-311-cp312-cp312-win_arm64.whl", hash = "sha256:e286f46a9a39c4a18b319c28f59b61de793654af2f395c102b4f819e584b5852"},
    {file = "pywin32-311-cp313-cp313-win32.whl", hash = "sha256:f95ba5a847cba10dd8c4d8fefa9f2a6cf283b8b88ed6178fa8a6c1ab16054d0d"},
    {file = "pywin32-311-cp313-cp313-win_amd64.whl", hash = "sha256:718a38f7e5b058e76aee1c56ddd06908116d35147e133427e59a3983f703a20d"},
    {file = "pywin32-311-cp313-cp313-win_arm64.whl", hash = "sha256:7b4075d959648406202d92a2310cb990fea19b535c7f4a78d3f5e10b926eeb8a"},
    {file = "pywin32-311-cp314-cp314-win32.whl", hash = "sha256:b7a2c10b93f8986666d0c803ee19b5990885872a7de910fc460f9b0c2fbf92ee"},
    {file = "pywin32-311-cp314-cp314-win_amd64.whl", hash = "sha256:3aca44c046bd2ed8c90de9cb8427f581c479e594e99b5c0bb19b29c10fd6cb87"},
    {file = "pywin32-311-cp314-cp314-win_arm64.whl", hash = "sha256:a508e2d9025764a8270f93111a970e1d0fbfc33f4153b388bb649b7eec4f9b42"},
    {file = "pywin32-311-cp38-cp38-win32.whl", hash = "sha256:6c6f2969607b5023b0d9ce2541f8d2cbb01c4f46bc87456017cf63b73f1e2d8c"},
    {file = "pywin32-311-cp38-cp38-win_amd64.whl", hash = "sha256:c8015b09fb9a5e188f83b7b04de91ddca4658cee2ae6f3bc483f0b21a77ef6cd"},
    {file = "pywin32-311-cp39-cp39-win32.whl", hash = "sha256:aba8f82d551a942cb20d4a83413ccbac30790b50efb89a75e4f586ac0bb8056b"},
    {file = "pywin32-311-cp39-cp39-win_amd64.whl", hash = "sha256:e0c4cfb0621281fe40387df582097fd796e80430597cb9944f0ae70447bacd91"},
    {file = "pywin32-311-cp39-cp39-win_arm64.whl", hash = "sha256:62ea666235135fee79bb154e695f3ff67370afefd71bd7fea7512fc70ef31e3d"},
]

[[package]]
name = "rapidfuzz"
version = "3.14.1"
description = "rapid fuzzy string matching"
optional = false
python-versions = ">=3.10"
groups = ["main"]
files = [
    {file = "rapidfuzz-3.14.1-cp310-cp310-macosx_10_9_x86_64.whl", hash = "sha256:489440e4b5eea0d150a31076eb183bed0ec84f934df206c72ae4fc3424501758"},
    {file = "rapidfuzz-3.14.1-cp310-cp310-macosx_11_0_arm64.whl", hash = "sha256:eff22cc938c3f74d194df03790a6c3325d213b28cf65cdefd6fdeae759b745d5"},
    {file = "rapidfuzz-3.14.1-cp310-cp310-manylinux_2_26_aarch64.manylinux_2_28_aarch64.whl", hash = "sha256:e0307f018b16feaa36074bcec2496f6f120af151a098910296e72e233232a62f"},
    {file = "rapidfuzz-3.14.1-cp310-cp310-manylinux_2_26_ppc64le.manylinux_2_28_ppc64le.whl", hash = "sha256:bc133652da143aca1ab72de235446432888b2b7f44ee332d006f8207967ecb8a"},
    {file = "rapidfuzz-3.14.1-cp310-cp310-manylinux_2_26_s390x.manylinux_2_28_s390x.whl", hash = "sha256:e9e71b3fe7e4a1590843389a90fe2a8684649fc74b9b7446e17ee504ddddb7de"},
    {file = "rapidfuzz-3.14.1-cp310-cp310-manylinux_2_27_x86_64.manylinux_2_28_x86_64.whl", hash = "sha256:6c51519eb2f20b52eba6fc7d857ae94acc6c2a1f5d0f2d794b9d4977cdc29dd7"},
    {file = "rapidfuzz-3.14.1-cp310-cp310-manylinux_2_31_armv7l.whl", hash = "sha256:fe87d94602624f8f25fff9a0a7b47f33756c4d9fc32b6d3308bb142aa483b8a4"},
    {file = "rapidfuzz-3.14.1-cp310-cp310-musllinux_1_2_aarch64.whl", hash = "sha256:2d665380503a575dda52eb712ea521f789e8f8fd629c7a8e6c0f8ff480febc78"},
    {file = "rapidfuzz-3.14.1-cp310-cp310-musllinux_1_2_armv7l.whl", hash = "sha256:c0f0dd022b8a7cbf3c891f6de96a80ab6a426f1069a085327816cea749e096c2"},
    {file = "rapidfuzz-3.14.1-cp310-cp310-musllinux_1_2_ppc64le.whl", hash = "sha256:bf1ba22d36858b265c95cd774ba7fe8991e80a99cd86fe4f388605b01aee81a3"},
    {file = "rapidfuzz-3.14.1-cp310-cp310-musllinux_1_2_s390x.whl", hash = "sha256:ca1c1494ac9f9386d37f0e50cbaf4d07d184903aed7691549df1b37e9616edc9"},
    {file = "rapidfuzz-3.14.1-cp310-cp310-musllinux_1_2_x86_64.whl", hash = "sha256:9e4b12e921b0fa90d7c2248742a536f21eae5562174090b83edd0b4ab8b557d7"},
    {file = "rapidfuzz-3.14.1-cp310-cp310-win32.whl", hash = "sha256:5e1c1f2292baa4049535b07e9e81feb29e3650d2ba35ee491e64aca7ae4cb15e"},
    {file = "rapidfuzz-3.14.1-cp310-cp310-win_amd64.whl", hash = "sha256:59a8694beb9a13c4090ab3d1712cabbd896c6949706d1364e2a2e1713c413760"},
    {file = "rapidfuzz-3.14.1-cp310-cp310-win_arm64.whl", hash = "sha256:e94cee93faa792572c574a615abe12912124b4ffcf55876b72312914ab663345"},
    {file = "rapidfuzz-3.14.1-cp311-cp311-macosx_10_9_x86_64.whl", hash = "sha256:4d976701060886a791c8a9260b1d4139d14c1f1e9a6ab6116b45a1acf3baff67"},
    {file = "rapidfuzz-3.14.1-cp311-cp311-macosx_11_0_arm64.whl", hash = "sha256:5e6ba7e6eb2ab03870dcab441d707513db0b4264c12fba7b703e90e8b4296df2"},
    {file = "rapidfuzz-3.14.1-cp311-cp311-manylinux_2_26_aarch64.manylinux_2_28_aarch64.whl", hash = "sha256:1e532bf46de5fd3a1efde73a16a4d231d011bce401c72abe3c6ecf9de681003f"},
    {file = "rapidfuzz-3.14.1-cp311-cp311-manylinux_2_26_ppc64le.manylinux_2_28_ppc64le.whl", hash = "sha256:f9b6a6fb8ed9b951e5f3b82c1ce6b1665308ec1a0da87f799b16e24fc59e4662"},
    {file = "rapidfuzz-3.14.1-cp311-cp311-manylinux_2_26_s390x.manylinux_2_28_s390x.whl", hash = "sha256:5b6ac3f9810949caef0e63380b11a3c32a92f26bacb9ced5e32c33560fcdf8d1"},
    {file = "rapidfuzz-3.14.1-cp311-cp311-manylinux_2_27_x86_64.manylinux_2_28_x86_64.whl", hash = "sha256:e52e4c34fd567f77513e886b66029c1ae02f094380d10eba18ba1c68a46d8b90"},
    {file = "rapidfuzz-3.14.1-cp311-cp311-manylinux_2_31_armv7l.whl", hash = "sha256:2ef72e41b1a110149f25b14637f1cedea6df192462120bea3433980fe9d8ac05"},
    {file = "rapidfuzz-3.14.1-cp311-cp311-musllinux_1_2_aarch64.whl", hash = "sha256:fb654a35b373d712a6b0aa2a496b2b5cdd9d32410cfbaecc402d7424a90ba72a"},
    {file = "rapidfuzz-3.14.1-cp311-cp311-musllinux_1_2_armv7l.whl", hash = "sha256:2b2c12e5b9eb8fe9a51b92fe69e9ca362c0970e960268188a6d295e1dec91e6d"},
    {file = "rapidfuzz-3.14.1-cp311-cp311-musllinux_1_2_ppc64le.whl", hash = "sha256:4f069dec5c450bd987481e752f0a9979e8fdf8e21e5307f5058f5c4bb162fa56"},
    {file = "rapidfuzz-3.14.1-cp311-cp311-musllinux_1_2_s390x.whl", hash = "sha256:4d0d9163725b7ad37a8c46988cae9ebab255984db95ad01bf1987ceb9e3058dd"},
    {file = "rapidfuzz-3.14.1-cp311-cp311-musllinux_1_2_x86_64.whl", hash = "sha256:db656884b20b213d846f6bc990c053d1f4a60e6d4357f7211775b02092784ca1"},
    {file = "rapidfuzz-3.14.1-cp311-cp311-win32.whl", hash = "sha256:4b42f7b9c58cbcfbfaddc5a6278b4ca3b6cd8983e7fd6af70ca791dff7105fb9"},
    {file = "rapidfuzz-3.14.1-cp311-cp311-win_amd64.whl", hash = "sha256:e5847f30d7d4edefe0cb37294d956d3495dd127c1c56e9128af3c2258a520bb4"},
    {file = "rapidfuzz-3.14.1-cp311-cp311-win_arm64.whl", hash = "sha256:5087d8ad453092d80c042a08919b1cb20c8ad6047d772dc9312acd834da00f75"},
    {file = "rapidfuzz-3.14.1-cp312-cp312-macosx_10_13_x86_64.whl", hash = "sha256:809515194f628004aac1b1b280c3734c5ea0ccbd45938c9c9656a23ae8b8f553"},
    {file = "rapidfuzz-3.14.1-cp312-cp312-macosx_11_0_arm64.whl", hash = "sha256:0afcf2d6cb633d0d4260d8df6a40de2d9c93e9546e2c6b317ab03f89aa120ad7"},
    {file = "rapidfuzz-3.14.1-cp312-cp312-manylinux_2_26_aarch64.manylinux_2_28_aarch64.whl", hash = "sha256:5c1c3d07d53dcafee10599da8988d2b1f39df236aee501ecbd617bd883454fcd"},
    {file = "rapidfuzz-3.14.1-cp312-cp312-manylinux_2_26_ppc64le.manylinux_2_28_ppc64le.whl", hash = "sha256:6e9ee3e1eb0a027717ee72fe34dc9ac5b3e58119f1bd8dd15bc19ed54ae3e62b"},
    {file = "rapidfuzz-3.14.1-cp312-cp312-manylinux_2_26_s390x.manylinux_2_28_s390x.whl", hash = "sha256:70c845b64a033a20c44ed26bc890eeb851215148cc3e696499f5f65529afb6cb"},
    {file = "rapidfuzz-3.14.1-cp312-cp312-manylinux_2_27_x86_64.manylinux_2_28_x86_64.whl", hash = "sha256:26db0e815213d04234298dea0d884d92b9cb8d4ba954cab7cf67a35853128a33"},
    {file = "rapidfuzz-3.14.1-cp312-cp312-manylinux_2_31_armv7l.whl", hash = "sha256:6ad3395a416f8b126ff11c788531f157c7debeb626f9d897c153ff8980da10fb"},
    {file = "rapidfuzz-3.14.1-cp312-cp312-musllinux_1_2_aarch64.whl", hash = "sha256:61c5b9ab6f730e6478aa2def566223712d121c6f69a94c7cc002044799442afd"},
    {file = "rapidfuzz-3.14.1-cp312-cp312-musllinux_1_2_armv7l.whl", hash = "sha256:13e0ea3d0c533969158727d1bb7a08c2cc9a816ab83f8f0dcfde7e38938ce3e6"},
    {file = "rapidfuzz-3.14.1-cp312-cp312-musllinux_1_2_ppc64le.whl", hash = "sha256:6325ca435b99f4001aac919ab8922ac464999b100173317defb83eae34e82139"},
    {file = "rapidfuzz-3.14.1-cp312-cp312-musllinux_1_2_s390x.whl", hash = "sha256:07a9fad3247e68798424bdc116c1094e88ecfabc17b29edf42a777520347648e"},
    {file = "rapidfuzz-3.14.1-cp312-cp312-musllinux_1_2_x86_64.whl", hash = "sha256:f8ff5dbe78db0a10c1f916368e21d328935896240f71f721e073cf6c4c8cdedd"},
    {file = "rapidfuzz-3.14.1-cp312-cp312-win32.whl", hash = "sha256:9c83270e44a6ae7a39fc1d7e72a27486bccc1fa5f34e01572b1b90b019e6b566"},
    {file = "rapidfuzz-3.14.1-cp312-cp312-win_amd64.whl", hash = "sha256:e06664c7fdb51c708e082df08a6888fce4c5c416d7e3cc2fa66dd80eb76a149d"},
    {file = "rapidfuzz-3.14.1-cp312-cp312-win_arm64.whl", hash = "sha256:6c7c26025f7934a169a23dafea6807cfc3fb556f1dd49229faf2171e5d8101cc"},
    {file = "rapidfuzz-3.14.1-cp313-cp313-macosx_10_13_x86_64.whl", hash = "sha256:8d69f470d63ee824132ecd80b1974e1d15dd9df5193916901d7860cef081a260"},
    {file = "rapidfuzz-3.14.1-cp313-cp313-macosx_11_0_arm64.whl", hash = "sha256:6f571d20152fc4833b7b5e781b36d5e4f31f3b5a596a3d53cf66a1bd4436b4f4"},
    {file = "rapidfuzz-3.14.1-cp313-cp313-manylinux_2_26_aarch64.manylinux_2_28_aarch64.whl", hash = "sha256:61d77e09b2b6bc38228f53b9ea7972a00722a14a6048be9a3672fb5cb08bad3a"},
    {file = "rapidfuzz-3.14.1-cp313-cp313-manylinux_2_26_ppc64le.manylinux_2_28_ppc64le.whl", hash = "sha256:8b41d95ef86a6295d353dc3bb6c80550665ba2c3bef3a9feab46074d12a9af8f"},
    {file = "rapidfuzz-3.14.1-cp313-cp313-manylinux_2_26_s390x.manylinux_2_28_s390x.whl", hash = "sha256:0591df2e856ad583644b40a2b99fb522f93543c65e64b771241dda6d1cfdc96b"},
    {file = "rapidfuzz-3.14.1-cp313-cp313-manylinux_2_27_x86_64.manylinux_2_28_x86_64.whl", hash = "sha256:f277801f55b2f3923ef2de51ab94689a0671a4524bf7b611de979f308a54cd6f"},
    {file = "rapidfuzz-3.14.1-cp313-cp313-manylinux_2_31_armv7l.whl", hash = "sha256:893fdfd4f66ebb67f33da89eb1bd1674b7b30442fdee84db87f6cb9074bf0ce9"},
    {file = "rapidfuzz-3.14.1-cp313-cp313-musllinux_1_2_aarch64.whl", hash = "sha256:fe2651258c1f1afa9b66f44bf82f639d5f83034f9804877a1bbbae2120539ad1"},
    {file = "rapidfuzz-3.14.1-cp313-cp313-musllinux_1_2_armv7l.whl", hash = "sha256:ace21f7a78519d8e889b1240489cd021c5355c496cb151b479b741a4c27f0a25"},
    {file = "rapidfuzz-3.14.1-cp313-cp313-musllinux_1_2_ppc64le.whl", hash = "sha256:cb5acf24590bc5e57027283b015950d713f9e4d155fda5cfa71adef3b3a84502"},
    {file = "rapidfuzz-3.14.1-cp313-cp313-musllinux_1_2_s390x.whl", hash = "sha256:67ea46fa8cc78174bad09d66b9a4b98d3068e85de677e3c71ed931a1de28171f"},
    {file = "rapidfuzz-3.14.1-cp313-cp313-musllinux_1_2_x86_64.whl", hash = "sha256:44e741d785de57d1a7bae03599c1cbc7335d0b060a35e60c44c382566e22782e"},
    {file = "rapidfuzz-3.14.1-cp313-cp313-win32.whl", hash = "sha256:b1fe6001baa9fa36bcb565e24e88830718f6c90896b91ceffcb48881e3adddbc"},
    {file = "rapidfuzz-3.14.1-cp313-cp313-win_amd64.whl", hash = "sha256:83b8cc6336709fa5db0579189bfd125df280a554af544b2dc1c7da9cdad7e44d"},
    {file = "rapidfuzz-3.14.1-cp313-cp313-win_arm64.whl", hash = "sha256:cf75769662eadf5f9bd24e865c19e5ca7718e879273dce4e7b3b5824c4da0eb4"},
    {file = "rapidfuzz-3.14.1-cp313-cp313t-macosx_10_13_x86_64.whl", hash = "sha256:d937dbeda71c921ef6537c6d41a84f1b8112f107589c9977059de57a1d726dd6"},
    {file = "rapidfuzz-3.14.1-cp313-cp313t-macosx_11_0_arm64.whl", hash = "sha256:7a2d80cc1a4fcc7e259ed4f505e70b36433a63fa251f1bb69ff279fe376c5efd"},
    {file = "rapidfuzz-3.14.1-cp313-cp313t-win32.whl", hash = "sha256:40875e0c06f1a388f1cab3885744f847b557e0b1642dfc31ff02039f9f0823ef"},
    {file = "rapidfuzz-3.14.1-cp313-cp313t-win_amd64.whl", hash = "sha256:876dc0c15552f3d704d7fb8d61bdffc872ff63bedf683568d6faad32e51bbce8"},
    {file = "rapidfuzz-3.14.1-cp313-cp313t-win_arm64.whl", hash = "sha256:61458e83b0b3e2abc3391d0953c47d6325e506ba44d6a25c869c4401b3bc222c"},
    {file = "rapidfuzz-3.14.1-cp314-cp314-macosx_10_13_x86_64.whl", hash = "sha256:e84d9a844dc2e4d5c4cabd14c096374ead006583304333c14a6fbde51f612a44"},
    {file = "rapidfuzz-3.14.1-cp314-cp314-macosx_11_0_arm64.whl", hash = "sha256:40301b93b99350edcd02dbb22e37ca5f2a75d0db822e9b3c522da451a93d6f27"},
    {file = "rapidfuzz-3.14.1-cp314-cp314-manylinux_2_26_aarch64.manylinux_2_28_aarch64.whl", hash = "sha256:fedd5097a44808dddf341466866e5c57a18a19a336565b4ff50aa8f09eb528f6"},
    {file = "rapidfuzz-3.14.1-cp314-cp314-manylinux_2_26_ppc64le.manylinux_2_28_ppc64le.whl", hash = "sha256:2e3e61c9e80d8c26709d8aa5c51fdd25139c81a4ab463895f8a567f8347b0548"},
    {file = "rapidfuzz-3.14.1-cp314-cp314-manylinux_2_26_s390x.manylinux_2_28_s390x.whl", hash = "sha256:da011a373722fac6e64687297a1d17dc8461b82cb12c437845d5a5b161bc24b9"},
    {file = "rapidfuzz-3.14.1-cp314-cp314-manylinux_2_27_x86_64.manylinux_2_28_x86_64.whl", hash = "sha256:5967d571243cfb9ad3710e6e628ab68c421a237b76e24a67ac22ee0ff12784d6"},
    {file = "rapidfuzz-3.14.1-cp314-cp314-manylinux_2_31_armv7l.whl", hash = "sha256:474f416cbb9099676de54aa41944c154ba8d25033ee460f87bb23e54af6d01c9"},
    {file = "rapidfuzz-3.14.1-cp314-cp314-musllinux_1_2_aarch64.whl", hash = "sha256:ae2d57464b59297f727c4e201ea99ec7b13935f1f056c753e8103da3f2fc2404"},
    {file = "rapidfuzz-3.14.1-cp314-cp314-musllinux_1_2_armv7l.whl", hash = "sha256:57047493a1f62f11354c7143c380b02f1b355c52733e6b03adb1cb0fe8fb8816"},
    {file = "rapidfuzz-3.14.1-cp314-cp314-musllinux_1_2_ppc64le.whl", hash = "sha256:4acc20776f225ee37d69517a237c090b9fa7e0836a0b8bc58868e9168ba6ef6f"},
    {file = "rapidfuzz-3.14.1-cp314-cp314-musllinux_1_2_s390x.whl", hash = "sha256:4373f914ff524ee0146919dea96a40a8200ab157e5a15e777a74a769f73d8a4a"},
    {file = "rapidfuzz-3.14.1-cp314-cp314-musllinux_1_2_x86_64.whl", hash = "sha256:37017b84953927807847016620d61251fe236bd4bcb25e27b6133d955bb9cafb"},
    {file = "rapidfuzz-3.14.1-cp314-cp314-win32.whl", hash = "sha256:c8d1dd1146539e093b84d0805e8951475644af794ace81d957ca612e3eb31598"},
    {file = "rapidfuzz-3.14.1-cp314-cp314-win_amd64.whl", hash = "sha256:f51c7571295ea97387bac4f048d73cecce51222be78ed808263b45c79c40a440"},
    {file = "rapidfuzz-3.14.1-cp314-cp314-win_arm64.whl", hash = "sha256:01eab10ec90912d7d28b3f08f6c91adbaf93458a53f849ff70776ecd70dd7a7a"},
    {file = "rapidfuzz-3.14.1-cp314-cp314t-macosx_10_13_x86_64.whl", hash = "sha256:60879fcae2f7618403c4c746a9a3eec89327d73148fb6e89a933b78442ff0669"},
    {file = "rapidfuzz-3.14.1-cp314-cp314t-macosx_11_0_arm64.whl", hash = "sha256:f94d61e44db3fc95a74006a394257af90fa6e826c900a501d749979ff495d702"},
    {file = "rapidfuzz-3.14.1-cp314-cp314t-win32.whl", hash = "sha256:93b6294a3ffab32a9b5f9b5ca048fa0474998e7e8bb0f2d2b5e819c64cb71ec7"},
    {file = "rapidfuzz-3.14.1-cp314-cp314t-win_amd64.whl", hash = "sha256:6cb56b695421538fdbe2c0c85888b991d833b8637d2f2b41faa79cea7234c000"},
    {file = "rapidfuzz-3.14.1-cp314-cp314t-win_arm64.whl", hash = "sha256:7cd312c380d3ce9d35c3ec9726b75eee9da50e8a38e89e229a03db2262d3d96b"},
    {file = "rapidfuzz-3.14.1-pp310-pypy310_pp73-macosx_10_15_x86_64.whl", hash = "sha256:673ce55a9be5b772dade911909e42382c0828b8a50ed7f9168763fa6b9f7054d"},
    {file = "rapidfuzz-3.14.1-pp310-pypy310_pp73-macosx_11_0_arm64.whl", hash = "sha256:45c62ada1980ebf4c64c4253993cc8daa018c63163f91db63bb3af69cb74c2e3"},
    {file = "rapidfuzz-3.14.1-pp310-pypy310_pp73-win_amd64.whl", hash = "sha256:4d51efb29c0df0d4f7f64f672a7624c2146527f0745e3572098d753676538800"},
    {file = "rapidfuzz-3.14.1-pp311-pypy311_pp73-macosx_10_15_x86_64.whl", hash = "sha256:4a21ccdf1bd7d57a1009030527ba8fae1c74bf832d0a08f6b67de8f5c506c96f"},
    {file = "rapidfuzz-3.14.1-pp311-pypy311_pp73-macosx_11_0_arm64.whl", hash = "sha256:589fb0af91d3aff318750539c832ea1100dbac2c842fde24e42261df443845f6"},
    {file = "rapidfuzz-3.14.1-pp311-pypy311_pp73-win_amd64.whl", hash = "sha256:a4f18092db4825f2517d135445015b40033ed809a41754918a03ef062abe88a0"},
    {file = "rapidfuzz-3.14.1.tar.gz", hash = "sha256:b02850e7f7152bd1edff27e9d584505b84968cacedee7a734ec4050c655a803c"},
]

[package.extras]
all = ["numpy"]

[[package]]
name = "shiboken6"
version = "6.9.2"
description = "Python/C++ bindings helper module"
optional = false
python-versions = "<3.14,>=3.9"
groups = ["main"]
files = [
    {file = "shiboken6-6.9.2-cp39-abi3-macosx_12_0_universal2.whl", hash = "sha256:8bb1c4326330e53adeac98bfd9dcf57f5173a50318a180938dcc4825d9ca38da"},
    {file = "shiboken6-6.9.2-cp39-abi3-manylinux_2_28_x86_64.whl", hash = "sha256:3b54c0a12ea1b03b9dc5dcfb603c366e957dc75341bf7cb1cc436d0d848308ee"},
    {file = "shiboken6-6.9.2-cp39-abi3-manylinux_2_39_aarch64.whl", hash = "sha256:a5f5985938f5acb604c23536a0ff2efb3cccb77d23da91fbaff8fd8ded3dceb4"},
    {file = "shiboken6-6.9.2-cp39-abi3-win_amd64.whl", hash = "sha256:68c33d565cd4732be762d19ff67dfc53763256bac413d392aa8598b524980bc4"},
    {file = "shiboken6-6.9.2-cp39-abi3-win_arm64.whl", hash = "sha256:c5b827797b3d89d9b9a3753371ff533fcd4afc4531ca51a7c696952132098054"},
]

[[package]]
name = "thefuzz"
version = "0.22.1"
description = "Fuzzy string matching in python"
optional = false
python-versions = ">=3.8"
groups = ["main"]
files = [
    {file = "thefuzz-0.22.1-py3-none-any.whl", hash = "sha256:59729b33556850b90e1093c4cf9e618af6f2e4c985df193fdf3c5b5cf02ca481"},
    {file = "thefuzz-0.22.1.tar.gz", hash = "sha256:7138039a7ecf540da323792d8592ef9902b1d79eb78c147d4f20664de79f3680"},
]

[package.dependencies]
rapidfuzz = ">=3.0.0,<4.0.0"

[metadata]
lock-version = "2.1"
python-versions = ">=3.13,<3.14"
content-hash = "0fa05f089f60f4da186e29b84eaec81e5f1e5f4dc26e451fdcec43aba6093490"
